{
  "name": "my-app",
  "lockfileVersion": 3,
  "requires": true,
  "packages": {
    "": {
      "dependencies": {
        "@bunvader/rustacean": "^0.0.2"
      }
    },
    "node_modules/@bunvader/rustacean": {
      "version": "0.0.2",
      "resolved": "https://registry.npmjs.org/@bunvader/rustacean/-/rustacean-0.0.2.tgz",
      "integrity": "sha512-B6xTVwJ6/dkSivUzs7EpofBIafdc/nE4PTPgMwcfFBo7yQLt7GFCKE8lzlXVUGhJjGCPYFBgDrLUHobomp71Og==",
      "license": "MIT",
      "engines": {
        "node": ">= 10"
      },
      "optionalDependencies": {
        "@bunvader/rustacean-android-arm-eabi": "0.0.2",
        "@bunvader/rustacean-android-arm64": "0.0.2",
        "@bunvader/rustacean-darwin-arm64": "0.0.2",
        "@bunvader/rustacean-darwin-universal": "0.0.2",
        "@bunvader/rustacean-darwin-x64": "0.0.2",
        "@bunvader/rustacean-freebsd-x64": "0.0.2",
        "@bunvader/rustacean-linux-arm-gnueabihf": "0.0.2",
        "@bunvader/rustacean-linux-arm-musleabihf": "0.0.2",
        "@bunvader/rustacean-linux-arm64-gnu": "0.0.2",
        "@bunvader/rustacean-linux-arm64-musl": "0.0.2",
        "@bunvader/rustacean-linux-riscv64-gnu": "0.0.2",
        "@bunvader/rustacean-linux-x64-gnu": "0.0.2",
        "@bunvader/rustacean-linux-x64-musl": "0.0.2",
        "@bunvader/rustacean-win32-arm64-msvc": "0.0.2",
        "@bunvader/rustacean-win32-ia32-msvc": "0.0.2",
        "@bunvader/rustacean-win32-x64-msvc": "0.0.2"
      }
    }
  }
}
